
Microsoft Visual Studio Solution File, Format Version 12.00
# Visual Studio Version 17
VisualStudioVersion = 17.9.34714.143
MinimumVisualStudioVersion = 10.0.40219.1
Project("{FAE04EC0-301F-11D3-BF4B-00C04F79EFBC}") = "CarRental-desktop", "CarRental-desktop.csproj", "{4AC02304-DC97-4100-AAD9-9FFA486BEC89}"
EndProject
Global
	GlobalSection(SolutionConfigurationPlatforms) = preSolution
		Debug|Any CPU = Debug|Any CPU
		Release|Any CPU = Release|Any CPU
	EndGlobalSection
	GlobalSection(ProjectConfigurationPlatforms) = postSolution
		{4AC02304-DC97-4100-AAD9-9FFA486BEC89}.Debug|Any CPU.ActiveCfg = Debug|Any CPU
		{4AC02304-DC97-4100-AAD9-9FFA486BEC89}.Debug|Any CPU.Build.0 = Debug|Any CPU
		{4AC02304-DC97-4100-AAD9-9FFA486BEC89}.Release|Any CPU.ActiveCfg = Release|Any CPU
		{4AC02304-DC97-4100-AAD9-9FFA486BEC89}.Release|Any CPU.Build.0 = Release|Any CPU
	EndGlobalSection
	GlobalSection(SolutionProperties) = preSolution
		HideSolutionNode = FALSE
	EndGlobalSection
	GlobalSection(ExtensibilityGlobals) = postSolution
		SolutionGuid = {AFA1E840-A30F-41C9-9449-CB57803E2412}
	EndGlobalSection
EndGlobal
